{
  "nodes": {
    "copilot-cli": {
      "inputs": {
        "nixpkgs": [
          "nixpkgs"
        ]
      },
      "locked": {
        "lastModified": 1780617770,
        "narHash": "sha256-ymtWl+Fkm31ULO541roPJi7Oy6g5fT7iNHk4VqEDS2c=",
        "owner": "scarisey",
        "repo": "copilot-cli-flake",
        "rev": "77a3cfaf783a39f3da1f5a0f87d9bf80c35bc7ef",
        "type": "github"
      },
      "original": {
        "owner": "scarisey",
        "repo": "copilot-cli-flake",
        "type": "github"
      }
    },
    "flake-compat": {
      "flake": false,
      "locked": {
        "lastModified": 1767039857,
        "narHash": "sha256-vNpUSpF5Nuw8xvDLj2KCwwksIbjua2LZCqhV1LNRDns=",
        "owner": "edolstra",
        "repo": "flake-compat",
        "rev": "5edf11c44bc78a0d334f6334cdaf7d60d732daab",
        "type": "github"
      },
      "original": {
        "owner": "edolstra",
        "repo": "flake-compat",
        "type": "github"
      }
    },
    "nixos-wsl": {
      "inputs": {
        "flake-compat": "flake-compat",
        "nixpkgs": [
          "nixpkgs"
        ]
      },
      "locked": {
        "lastModified": 1781098109,
        "narHash": "sha256-XLMCx6WWMxNeM0SSLun6qVzpMQEGsXVPLU8a1ZNOUGU=",
        "owner": "nix-community",
        "repo": "NixOS-WSL",
        "rev": "06873343409ec0200a48c85d0ef622c5dafc6aaa",
        "type": "github"
      },
      "original": {
        "owner": "nix-community",
        "repo": "NixOS-WSL",
        "type": "github"
      }
    },
    "nixpkgs": {
      "locked": {
        "lastModified": 1780749050,
        "narHash": "sha256-3av0pIjlOWQ6rDbNOmpUSvbNnJkGORQKKjb4LtCZsIY=",
        "owner": "NixOS",
        "repo": "nixpkgs",
        "rev": "a799d3e3886da994fa307f817a6bc705ae538eeb",
        "type": "github"
      },
      "original": {
        "owner": "NixOS",
        "ref": "nixos-unstable",
        "repo": "nixpkgs",
        "type": "github"
      }
    },
    "root": {
      "inputs": {
        "copilot-cli": "copilot-cli",
        "nixos-wsl": "nixos-wsl",
        "nixpkgs": "nixpkgs"
      }
    }
  },
  "root": "root",
  "version": 7
}
